
Microsoft Visual Studio Solution File, Format Version 12.00
Project("{FAE04EC0-301F-11D3-BF4B-00C04F79EFBC}") = "NET5-WebAPI", "NET5-WebAPI\NET5-WebAPI.csproj", "{049235BD-3886-4286-AC1C-9B9E6B1F0CF3}"
EndProject
Global
	GlobalSection(SolutionConfigurationPlatforms) = preSolution
		Debug|Any CPU = Debug|Any CPU
		Release|Any CPU = Release|Any CPU
	EndGlobalSection
	GlobalSection(ProjectConfigurationPlatforms) = postSolution
		{049235BD-3886-4286-AC1C-9B9E6B1F0CF3}.Debug|Any CPU.ActiveCfg = Debug|Any CPU
		{049235BD-3886-4286-AC1C-9B9E6B1F0CF3}.Debug|Any CPU.Build.0 = Debug|Any CPU
		{049235BD-3886-4286-AC1C-9B9E6B1F0CF3}.Release|Any CPU.ActiveCfg = Release|Any CPU
		{049235BD-3886-4286-AC1C-9B9E6B1F0CF3}.Release|Any CPU.Build.0 = Release|Any CPU
	EndGlobalSection
EndGlobal
